
Microsoft Visual Studio Solution File, Format Version 12.00
# Visual Studio Version 17
VisualStudioVersion = 17.2.32630.192
MinimumVisualStudioVersion = 10.0.40219.1
Project("{FAE04EC0-301F-11D3-BF4B-00C04F79EFBC}") = "jeu de role", "jeu de role\jeu de role.csproj", "{8539CDFC-D5FF-4972-9CA7-F93B31A2B221}"
EndProject
Global
	GlobalSection(SolutionConfigurationPlatforms) = preSolution
		Debug|Any CPU = Debug|Any CPU
		Release|Any CPU = Release|Any CPU
	EndGlobalSection
	GlobalSection(ProjectConfigurationPlatforms) = postSolution
		{8539CDFC-D5FF-4972-9CA7-F93B31A2B221}.Debug|Any CPU.ActiveCfg = Debug|Any CPU
		{8539CDFC-D5FF-4972-9CA7-F93B31A2B221}.Debug|Any CPU.Build.0 = Debug|Any CPU
		{8539CDFC-D5FF-4972-9CA7-F93B31A2B221}.Release|Any CPU.ActiveCfg = Release|Any CPU
		{8539CDFC-D5FF-4972-9CA7-F93B31A2B221}.Release|Any CPU.Build.0 = Release|Any CPU
	EndGlobalSection
	GlobalSection(SolutionProperties) = preSolution
		HideSolutionNode = FALSE
	EndGlobalSection
	GlobalSection(ExtensibilityGlobals) = postSolution
		SolutionGuid = {1437B016-2B80-47C0-AA85-73EF0E0DC245}
	EndGlobalSection
EndGlobal
